{
  "name": "py2graph-src",
  "version": "1.0.0",
  "lockfileVersion": 1,
  "requires": true,
  "dependencies": {
    "@msrvida/python-program-analysis": {
      "version": "0.4.1",
      "resolved": "https://registry.npmjs.org/@msrvida/python-program-analysis/-/python-program-analysis-0.4.1.tgz",
      "integrity": "sha512-8jCtPTTxXyvN3udvz71inScvFvQil7Wh61newdrq79CjuV0W634GCDGuyGpI5G+kgX9PbBZPQJTc1+BMNMB5sQ=="
    },
    "@types/node": {
      "version": "12.12.14",
      "resolved": "https://registry.npmjs.org/@types/node/-/node-12.12.14.tgz",
      "integrity": "sha512-u/SJDyXwuihpwjXy7hOOghagLEV1KdAST6syfnOk6QZAMzZuWZqXy5aYYZbh8Jdpd4escVFP0MvftHNDb9pruA=="
    }
  }
}
